
Microsoft Visual Studio Solution File, Format Version 12.00
# Visual Studio Version 16
VisualStudioVersion = 16.0.30204.135
MinimumVisualStudioVersion = 10.0.40219.1
Project("{FAE04EC0-301F-11D3-BF4B-00C04F79EFBC}") = "WebBrowser", "WebBrowser\WebBrowser.csproj", "{2A3C75C6-FAC7-40EF-959F-6B721108C75E}"
EndProject
Global
	GlobalSection(SolutionConfigurationPlatforms) = preSolution
		Debug|Any CPU = Debug|Any CPU
		Release|Any CPU = Release|Any CPU
	EndGlobalSection
	GlobalSection(ProjectConfigurationPlatforms) = postSolution
		{2A3C75C6-FAC7-40EF-959F-6B721108C75E}.Debug|Any CPU.ActiveCfg = Debug|Any CPU
		{2A3C75C6-FAC7-40EF-959F-6B721108C75E}.Debug|Any CPU.Build.0 = Debug|Any CPU
		{2A3C75C6-FAC7-40EF-959F-6B721108C75E}.Release|Any CPU.ActiveCfg = Release|Any CPU
		{2A3C75C6-FAC7-40EF-959F-6B721108C75E}.Release|Any CPU.Build.0 = Release|Any CPU
	EndGlobalSection
	GlobalSection(SolutionProperties) = preSolution
		HideSolutionNode = FALSE
	EndGlobalSection
	GlobalSection(ExtensibilityGlobals) = postSolution
		SolutionGuid = {87EA29DC-FC10-4749-90C1-21EE39E7103C}
	EndGlobalSection
EndGlobal
